[[package]]
category = "dev"
description = "Python package for providing Mozilla's CA Bundle."
name = "certifi"
optional = false
python-versions = "*"
version = "2020.4.5.1"

[[package]]
category = "dev"
description = "Foreign Function Interface for Python calling C code."
marker = "platform_python_implementation == \"CPython\" and sys_platform == \"win32\""
name = "cffi"
optional = false
python-versions = "*"
version = "1.14.0"

[package.dependencies]
pycparser = "*"

[[package]]
category = "dev"
description = "Universal encoding detector for Python 2 and 3"
name = "chardet"
optional = false
python-versions = "*"
version = "3.0.4"

[[package]]
category = "dev"
description = "Composable command line interface toolkit"
name = "click"
optional = false
python-versions = ">=2.7, !=3.0.*, !=3.1.*, !=3.2.*, !=3.3.*, !=3.4.*"
version = "7.1.1"

[[package]]
category = "dev"
description = "A drop-in replacement for argparse that allows options to also be set via config files and/or environment variables."
name = "configargparse"
optional = false
python-versions = ">=2.7, !=3.0.*, !=3.1.*, !=3.2.*, !=3.3.*, !=3.4.*"
version = "1.2.1"

[package.extras]
yaml = ["pyyaml"]

[[package]]
category = "main"
description = "Confluent's Python client for Apache Kafka"
name = "confluent-kafka"
optional = false
python-versions = "*"
version = "1.4.0"

[package.extras]
avro = ["fastavro (>=0.23.0)", "requests", "avro (1.9.2)", "avro-python3 (1.9.2.1)"]
dev = ["flake8", "pytest-timeout", "requests-mock", "trivup", "fastavro (>=0.23.0)", "requests", "pytest (4.6.9)", "avro (1.9.2)", "pytest", "avro-python3 (1.9.2.1)"]
doc = ["sphinx", "sphinx-rtd-theme", "fastavro (>=0.23.0)", "requests", "avro (1.9.2)", "avro-python3 (1.9.2.1)"]
json = ["jsonschema", "requests"]
schema-registry = ["requests"]

[[package]]
category = "main"
description = "FastAPI framework, high performance, easy to learn, fast to code, ready for production"
name = "fastapi"
optional = false
python-versions = ">=3.6"
version = "0.52.0"

[package.dependencies]
pydantic = ">=0.32.2,<2.0.0"
starlette = "0.13.2"

[package.extras]
all = ["requests", "aiofiles", "jinja2", "python-multipart", "itsdangerous", "pyyaml", "graphene", "ujson", "email-validator", "uvicorn", "async-exit-stack", "async-generator"]
dev = ["pyjwt", "passlib", "autoflake", "flake8", "uvicorn", "graphene"]
doc = ["mkdocs", "mkdocs-material", "markdown-include"]
test = ["pytest (>=4.0.0)", "pytest-cov", "mypy", "black", "isort", "requests", "email-validator", "sqlalchemy", "peewee", "databases", "orjson", "async-exit-stack", "async-generator", "python-multipart", "aiofiles", "ujson", "flask"]

[[package]]
category = "dev"
description = "A simple framework for building complex web applications."
name = "flask"
optional = false
python-versions = ">=2.7, !=3.0.*, !=3.1.*, !=3.2.*, !=3.3.*, !=3.4.*"
version = "1.1.2"

[package.dependencies]
Jinja2 = ">=2.10.1"
Werkzeug = ">=0.15"
click = ">=5.1"
itsdangerous = ">=0.24"

[package.extras]
dev = ["pytest", "coverage", "tox", "sphinx", "pallets-sphinx-themes", "sphinxcontrib-log-cabinet", "sphinx-issues"]
docs = ["sphinx", "pallets-sphinx-themes", "sphinxcontrib-log-cabinet", "sphinx-issues"]
dotenv = ["python-dotenv"]

[[package]]
category = "dev"
description = "Coroutine-based network library"
name = "gevent"
optional = false
python-versions = ">=2.7,!=3.0.*,!=3.1.*,!=3.2.*,!=3.3.*,!=3.4.*"
version = "1.5a3"

[package.dependencies]
cffi = ">=1.12.2"
greenlet = ">=0.4.14"

[package.extras]
dnspython = ["dnspython (>=1.16.0)", "idna"]
docs = ["repoze.sphinx.autointerface", "sphinxcontrib-programoutput"]
events = ["zope.event", "zope.interface"]
monitor = ["psutil (>=5.6.1)"]
recommended = ["dnspython (>=1.16.0)", "idna", "zope.event", "zope.interface", "cffi (>=1.12.2)", "psutil (>=5.6.1)"]
test = ["dnspython (>=1.16.0)", "idna", "zope.event", "zope.interface", "requests", "objgraph", "cffi (>=1.12.2)", "psutil (>=5.6.1)", "futures", "mock", "coverage (<5.0)", "coveralls (>=1.7.0)"]

[[package]]
category = "dev"
description = "Pre-built wheels for geventhttpclient"
name = "geventhttpclient-wheels"
optional = false
python-versions = "*"
version = "1.3.1.dev2"

[package.dependencies]
certifi = "*"
gevent = ">=0.13"
six = "*"

[[package]]
category = "dev"
description = "Lightweight in-process concurrent programming"
marker = "platform_python_implementation == \"CPython\""
name = "greenlet"
optional = false
python-versions = "*"
version = "0.4.15"

[[package]]
category = "dev"
description = "Internationalized Domain Names in Applications (IDNA)"
name = "idna"
optional = false
python-versions = ">=2.7, !=3.0.*, !=3.1.*, !=3.2.*, !=3.3.*"
version = "2.9"

[[package]]
category = "dev"
description = "Various helpers to pass data to untrusted environments and back."
name = "itsdangerous"
optional = false
python-versions = ">=2.7, !=3.0.*, !=3.1.*, !=3.2.*, !=3.3.*"
version = "1.1.0"

[[package]]
category = "dev"
description = "A very fast and expressive template engine."
name = "jinja2"
optional = false
python-versions = ">=2.7, !=3.0.*, !=3.1.*, !=3.2.*, !=3.3.*, !=3.4.*"
version = "2.11.2"

[package.dependencies]
MarkupSafe = ">=0.23"

[package.extras]
i18n = ["Babel (>=0.8)"]

[[package]]
category = "dev"
description = "Website load testing framework"
name = "locustio"
optional = false
python-versions = ">=3.6"
version = "0.14.5"

[package.dependencies]
ConfigArgParse = ">=1.0"
flask = ">=0.10.1"
gevent = "1.5a3"
geventhttpclient-wheels = "1.3.1.dev2"
msgpack = ">=0.6.2"
psutil = ">=5.6.7"
pyzmq = ">=16.0.2"
requests = ">=2.9.1"

[[package]]
category = "dev"
description = "Safely add untrusted strings to HTML/XML markup."
name = "markupsafe"
optional = false
python-versions = ">=2.7,!=3.0.*,!=3.1.*,!=3.2.*,!=3.3.*"
version = "1.1.1"

[[package]]
category = "dev"
description = "MessagePack (de)serializer."
name = "msgpack"
optional = false
python-versions = "*"
version = "1.0.0"

[[package]]
category = "main"
description = "Protocol Buffers"
name = "protobuf"
optional = false
python-versions = "*"
version = "3.11.3"

[package.dependencies]
setuptools = "*"
six = ">=1.9"

[[package]]
category = "dev"
description = "Cross-platform lib for process and system monitoring in Python."
name = "psutil"
optional = false
python-versions = ">=2.6, !=3.0.*, !=3.1.*, !=3.2.*, !=3.3.*"
version = "5.7.0"

[package.extras]
enum = ["enum34"]

[[package]]
category = "dev"
description = "C parser in Python"
marker = "platform_python_implementation == \"CPython\" and sys_platform == \"win32\""
name = "pycparser"
optional = false
python-versions = ">=2.7, !=3.0.*, !=3.1.*, !=3.2.*, !=3.3.*"
version = "2.20"

[[package]]
category = "main"
description = "Data validation and settings management using python 3.6 type hinting"
name = "pydantic"
optional = false
python-versions = ">=3.6"
version = "1.4"

[package.extras]
dotenv = ["python-dotenv (>=0.10.4)"]
email = ["email-validator (>=1.0.3)"]
typing_extensions = ["typing-extensions (>=3.7.2)"]

[[package]]
category = "dev"
description = "Python bindings for 0MQ"
name = "pyzmq"
optional = false
python-versions = ">=2.7,!=3.0.*,!=3.1.*,!=3.2.*"
version = "19.0.0"

[[package]]
category = "dev"
description = "Python HTTP for Humans."
name = "requests"
optional = false
python-versions = ">=2.7, !=3.0.*, !=3.1.*, !=3.2.*, !=3.3.*, !=3.4.*"
version = "2.23.0"

[package.dependencies]
certifi = ">=2017.4.17"
chardet = ">=3.0.2,<4"
idna = ">=2.5,<3"
urllib3 = ">=1.21.1,<1.25.0 || >1.25.0,<1.25.1 || >1.25.1,<1.26"

[package.extras]
security = ["pyOpenSSL (>=0.14)", "cryptography (>=1.3.4)"]
socks = ["PySocks (>=1.5.6,<1.5.7 || >1.5.7)", "win-inet-pton"]

[[package]]
category = "main"
description = "Python 2 and 3 compatibility utilities"
name = "six"
optional = false
python-versions = ">=2.7, !=3.0.*, !=3.1.*, !=3.2.*"
version = "1.14.0"

[[package]]
category = "main"
description = "The little ASGI library that shines."
name = "starlette"
optional = false
python-versions = ">=3.6"
version = "0.13.2"

[package.extras]
full = ["aiofiles", "graphene", "itsdangerous", "jinja2", "python-multipart", "pyyaml", "requests", "ujson"]

[[package]]
category = "dev"
description = "HTTP library with thread-safe connection pooling, file post, and more."
name = "urllib3"
optional = false
python-versions = ">=2.7, !=3.0.*, !=3.1.*, !=3.2.*, !=3.3.*, !=3.4.*, <4"
version = "1.25.8"

[package.extras]
brotli = ["brotlipy (>=0.6.0)"]
secure = ["pyOpenSSL (>=0.14)", "cryptography (>=1.3.4)", "idna (>=2.0.0)", "certifi", "ipaddress"]
socks = ["PySocks (>=1.5.6,<1.5.7 || >1.5.7,<2.0)"]

[[package]]
category = "dev"
description = "The comprehensive WSGI web application library."
name = "werkzeug"
optional = false
python-versions = ">=2.7, !=3.0.*, !=3.1.*, !=3.2.*, !=3.3.*, !=3.4.*"
version = "1.0.1"

[package.extras]
dev = ["pytest", "pytest-timeout", "coverage", "tox", "sphinx", "pallets-sphinx-themes", "sphinx-issues"]
watchdog = ["watchdog"]

[metadata]
content-hash = "e49a588cfdbbf143df32d6fb2ad2aa1dece83bfb493643a848a584644d078460"
python-versions = "^3.8"

[metadata.files]
certifi = [
    {file = "certifi-2020.4.5.1-py2.py3-none-any.whl", hash = "sha256:1d987a998c75633c40847cc966fcf5904906c920a7f17ef374f5aa4282abd304"},
    {file = "certifi-2020.4.5.1.tar.gz", hash = "sha256:51fcb31174be6e6664c5f69e3e1691a2d72a1a12e90f872cbdb1567eb47b6519"},
]
cffi = [
    {file = "cffi-1.14.0-cp27-cp27m-macosx_10_9_x86_64.whl", hash = "sha256:1cae98a7054b5c9391eb3249b86e0e99ab1e02bb0cc0575da191aedadbdf4384"},
    {file = "cffi-1.14.0-cp27-cp27m-manylinux1_i686.whl", hash = "sha256:cf16e3cf6c0a5fdd9bc10c21687e19d29ad1fe863372b5543deaec1039581a30"},
    {file = "cffi-1.14.0-cp27-cp27m-manylinux1_x86_64.whl", hash = "sha256:f2b0fa0c01d8a0c7483afd9f31d7ecf2d71760ca24499c8697aeb5ca37dc090c"},
    {file = "cffi-1.14.0-cp27-cp27m-win32.whl", hash = "sha256:99f748a7e71ff382613b4e1acc0ac83bf7ad167fb3802e35e90d9763daba4d78"},
    {file = "cffi-1.14.0-cp27-cp27m-win_amd64.whl", hash = "sha256:c420917b188a5582a56d8b93bdd8e0f6eca08c84ff623a4c16e809152cd35793"},
    {file = "cffi-1.14.0-cp27-cp27mu-manylinux1_i686.whl", hash = "sha256:399aed636c7d3749bbed55bc907c3288cb43c65c4389964ad5ff849b6370603e"},
    {file = "cffi-1.14.0-cp27-cp27mu-manylinux1_x86_64.whl", hash = "sha256:cab50b8c2250b46fe738c77dbd25ce017d5e6fb35d3407606e7a4180656a5a6a"},
    {file = "cffi-1.14.0-cp35-cp35m-macosx_10_9_x86_64.whl", hash = "sha256:001bf3242a1bb04d985d63e138230802c6c8d4db3668fb545fb5005ddf5bb5ff"},
    {file = "cffi-1.14.0-cp35-cp35m-manylinux1_i686.whl", hash = "sha256:e56c744aa6ff427a607763346e4170629caf7e48ead6921745986db3692f987f"},
    {file = "cffi-1.14.0-cp35-cp35m-manylinux1_x86_64.whl", hash = "sha256:b8c78301cefcf5fd914aad35d3c04c2b21ce8629b5e4f4e45ae6812e461910fa"},
    {file = "cffi-1.14.0-cp35-cp35m-win32.whl", hash = "sha256:8c0ffc886aea5df6a1762d0019e9cb05f825d0eec1f520c51be9d198701daee5"},
    {file = "cffi-1.14.0-cp35-cp35m-win_amd64.whl", hash = "sha256:8a6c688fefb4e1cd56feb6c511984a6c4f7ec7d2a1ff31a10254f3c817054ae4"},
    {file = "cffi-1.14.0-cp36-cp36m-macosx_10_9_x86_64.whl", hash = "sha256:95cd16d3dee553f882540c1ffe331d085c9e629499ceadfbda4d4fde635f4b7d"},
    {file = "cffi-1.14.0-cp36-cp36m-manylinux1_i686.whl", hash = "sha256:66e41db66b47d0d8672d8ed2708ba91b2f2524ece3dee48b5dfb36be8c2f21dc"},
    {file = "cffi-1.14.0-cp36-cp36m-manylinux1_x86_64.whl", hash = "sha256:028a579fc9aed3af38f4892bdcc7390508adabc30c6af4a6e4f611b0c680e6ac"},
    {file = "cffi-1.14.0-cp36-cp36m-win32.whl", hash = "sha256:cef128cb4d5e0b3493f058f10ce32365972c554572ff821e175dbc6f8ff6924f"},
    {file = "cffi-1.14.0-cp36-cp36m-win_amd64.whl", hash = "sha256:337d448e5a725bba2d8293c48d9353fc68d0e9e4088d62a9571def317797522b"},
    {file = "cffi-1.14.0-cp37-cp37m-macosx_10_9_x86_64.whl", hash = "sha256:e577934fc5f8779c554639376beeaa5657d54349096ef24abe8c74c5d9c117c3"},
    {file = "cffi-1.14.0-cp37-cp37m-manylinux1_i686.whl", hash = "sha256:62ae9af2d069ea2698bf536dcfe1e4eed9090211dbaafeeedf5cb6c41b352f66"},
    {file = "cffi-1.14.0-cp37-cp37m-manylinux1_x86_64.whl", hash = "sha256:14491a910663bf9f13ddf2bc8f60562d6bc5315c1f09c704937ef17293fb85b0"},
    {file = "cffi-1.14.0-cp37-cp37m-win32.whl", hash = "sha256:c43866529f2f06fe0edc6246eb4faa34f03fe88b64a0a9a942561c8e22f4b71f"},
    {file = "cffi-1.14.0-cp37-cp37m-win_amd64.whl", hash = "sha256:2089ed025da3919d2e75a4d963d008330c96751127dd6f73c8dc0c65041b4c26"},
    {file = "cffi-1.14.0-cp38-cp38-macosx_10_9_x86_64.whl", hash = "sha256:3b911c2dbd4f423b4c4fcca138cadde747abdb20d196c4a48708b8a2d32b16dd"},
    {file = "cffi-1.14.0-cp38-cp38-manylinux1_i686.whl", hash = "sha256:7e63cbcf2429a8dbfe48dcc2322d5f2220b77b2e17b7ba023d6166d84655da55"},
    {file = "cffi-1.14.0-cp38-cp38-manylinux1_x86_64.whl", hash = "sha256:3d311bcc4a41408cf5854f06ef2c5cab88f9fded37a3b95936c9879c1640d4c2"},
    {file = "cffi-1.14.0-cp38-cp38-win32.whl", hash = "sha256:675686925a9fb403edba0114db74e741d8181683dcf216be697d208857e04ca8"},
    {file = "cffi-1.14.0-cp38-cp38-win_amd64.whl", hash = "sha256:00789914be39dffba161cfc5be31b55775de5ba2235fe49aa28c148236c4e06b"},
    {file = "cffi-1.14.0.tar.gz", hash = "sha256:2d384f4a127a15ba701207f7639d94106693b6cd64173d6c8988e2c25f3ac2b6"},
]
chardet = [
    {file = "chardet-3.0.4-py2.py3-none-any.whl", hash = "sha256:fc323ffcaeaed0e0a02bf4d117757b98aed530d9ed4531e3e15460124c106691"},
    {file = "chardet-3.0.4.tar.gz", hash = "sha256:84ab92ed1c4d4f16916e05906b6b75a6c0fb5db821cc65e70cbd64a3e2a5eaae"},
]
click = [
    {file = "click-7.1.1-py2.py3-none-any.whl", hash = "sha256:e345d143d80bf5ee7534056164e5e112ea5e22716bbb1ce727941f4c8b471b9a"},
    {file = "click-7.1.1.tar.gz", hash = "sha256:8a18b4ea89d8820c5d0c7da8a64b2c324b4dabb695804dbfea19b9be9d88c0cc"},
]
configargparse = [
    {file = "ConfigArgParse-1.2.1.tar.gz", hash = "sha256:f30736dcd4e00455ffe3087454799ccb7f9b61d765492dd4b35bbcd62379db12"},
]
confluent-kafka = [
    {file = "confluent_kafka-1.4.0-cp27-cp27m-macosx_10_6_intel.whl", hash = "sha256:9fcf8f2952c265edfa11556add670d7f24f58a835a8d245d4b5bf9747adc1913"},
    {file = "confluent_kafka-1.4.0-cp27-cp27m-manylinux1_i686.whl", hash = "sha256:11b9d863b5f8e4da24e0497dc527d0bc170f78e5e15b85f4e170946dd6e86247"},
    {file = "confluent_kafka-1.4.0-cp27-cp27m-manylinux1_x86_64.whl", hash = "sha256:c58cf16770fb7fa2defab727c57a4cd4f03e083f6e7d7a4494c7bd42ed15ab37"},
    {file = "confluent_kafka-1.4.0-cp27-cp27m-win32.whl", hash = "sha256:9b2493f898e044dcd222ef64ea8594352c2e229f6d150e6640d9aea15d206aef"},
    {file = "confluent_kafka-1.4.0-cp27-cp27m-win_amd64.whl", hash = "sha256:403cdca6bda6af5d32f66c4b8920b098c8912b3b703d4500fc15c375368aae22"},
    {file = "confluent_kafka-1.4.0-cp27-cp27mu-manylinux1_i686.whl", hash = "sha256:fe3617035bad6360bf50b52d140c904a772512fae95f12f769b4a8923a2f2e68"},
    {file = "confluent_kafka-1.4.0-cp27-cp27mu-manylinux1_x86_64.whl", hash = "sha256:57f7a2570587fef85ef0a97c11f05ef2e9e9929fd752351974b75e2c8c65e585"},
    {file = "confluent_kafka-1.4.0-cp35-cp35m-macosx_10_6_intel.whl", hash = "sha256:39a354e727d198fb0f644530d33867199d53e7e25384cf6518147897c46404ff"},
    {file = "confluent_kafka-1.4.0-cp35-cp35m-manylinux1_i686.whl", hash = "sha256:f8a505d22186f416cc8e4d6c7bbca862e961352d0fef2de870bfc841e071c072"},
    {file = "confluent_kafka-1.4.0-cp35-cp35m-manylinux1_x86_64.whl", hash = "sha256:240be96c88f09ea1b0767875db1b0b4a1f8dd7b68bb7e89fcf6dbab53fd7a620"},
    {file = "confluent_kafka-1.4.0-cp35-cp35m-win32.whl", hash = "sha256:f5b3e323714ecd824690c85cf8b06fcca47f7f2cdfe636184d8df23ae0e1f31a"},
    {file = "confluent_kafka-1.4.0-cp35-cp35m-win_amd64.whl", hash = "sha256:138eb1eb80a26eabbc00acf9d23d049132d2dbe262601ecd5d17c9078ce399e7"},
    {file = "confluent_kafka-1.4.0-cp36-cp36m-macosx_10_6_intel.whl", hash = "sha256:d454a17697dafe422934fc917e5e905ebd4fb5c682d5bcffc261167748da6ffe"},
    {file = "confluent_kafka-1.4.0-cp36-cp36m-manylinux1_i686.whl", hash = "sha256:4bb577bb8ccb921857fda601b4282936d696f29ea825fafea237bb76b2f5707e"},
    {file = "confluent_kafka-1.4.0-cp36-cp36m-manylinux1_x86_64.whl", hash = "sha256:74c68a1c6c63eaf4056e55b5162e9f56f26fbd872571660ab629195c63b92198"},
    {file = "confluent_kafka-1.4.0-cp36-cp36m-win32.whl", hash = "sha256:a35e997cbaba4d28816b1d83255a65796faffbc39b00f414f8b9eb1c9d967a0f"},
    {file = "confluent_kafka-1.4.0-cp36-cp36m-win_amd64.whl", hash = "sha256:4ec0fc40eea26d21586e09eea9046efc3f24df78911b14decf36f613568bfa7e"},
    {file = "confluent_kafka-1.4.0-cp37-cp37m-macosx_10_6_intel.whl", hash = "sha256:79ec9c47ff2f76d5fcac9345b61d2e2cb6a659c96ac74cf0f78e424b06755822"},
    {file = "confluent_kafka-1.4.0-cp37-cp37m-manylinux1_i686.whl", hash = "sha256:54b101bfe4b073712cd2d4523ecda56138eb3737f4825dcf3575bb9183334774"},
    {file = "confluent_kafka-1.4.0-cp37-cp37m-manylinux1_x86_64.whl", hash = "sha256:6e99142b37ea58274f42ddd40ecea46520d14cd40689e03ed2dfedb2863c127e"},
    {file = "confluent_kafka-1.4.0-cp37-cp37m-win32.whl", hash = "sha256:cc28538c6e8af7a75adaa68e1f5905ba60a7b24f2bcc239e0d4dc07dcfd72889"},
    {file = "confluent_kafka-1.4.0-cp37-cp37m-win_amd64.whl", hash = "sha256:3f067b85ebc11f2f72367bd129e746ad32737f24cdd25cedf5780a643d36295b"},
    {file = "confluent_kafka-1.4.0-cp38-cp38-macosx_10_9_x86_64.whl", hash = "sha256:39b6d05ec01ce98be583b890b2a80c23e3d752773f108f60b39fa6d8d54cfbca"},
    {file = "confluent_kafka-1.4.0-cp38-cp38-manylinux1_i686.whl", hash = "sha256:5bc72cafd9a857618b3ef1f851bc3c9e023182cd74ec3a711d0f335f31ae1803"},
    {file = "confluent_kafka-1.4.0-cp38-cp38-manylinux1_x86_64.whl", hash = "sha256:80ee541bf779a8bf38dee7b2014350459df527ed98cf68d1777f30e18d307d1e"},
]
fastapi = [
    {file = "fastapi-0.52.0-py3-none-any.whl", hash = "sha256:532648b4e16dd33673d71dc0b35dff1b4d20c709d04078010e258b9f3a79771a"},
    {file = "fastapi-0.52.0.tar.gz", hash = "sha256:721b11d8ffde52c669f52741b6d9d761fe2e98778586f4cfd6f5e47254ba5016"},
]
flask = [
    {file = "Flask-1.1.2-py2.py3-none-any.whl", hash = "sha256:8a4fdd8936eba2512e9c85df320a37e694c93945b33ef33c89946a340a238557"},
    {file = "Flask-1.1.2.tar.gz", hash = "sha256:4efa1ae2d7c9865af48986de8aeb8504bf32c7f3d6fdc9353d34b21f4b127060"},
]
gevent = [
    {file = "gevent-1.5a3-cp27-cp27m-macosx_10_9_x86_64.whl", hash = "sha256:87b63a1b661dd756cafaa73d1faff451a8f12eb41660cc9dad0249b81e95a3e6"},
    {file = "gevent-1.5a3-cp27-cp27m-manylinux2010_x86_64.whl", hash = "sha256:6806ac5e6e4b0c34899d272d2ed4421215088d3576e9350a6bbfbb98c67c2ac6"},
    {file = "gevent-1.5a3-cp27-cp27m-win32.whl", hash = "sha256:013b350359b9196ab073c59db7d2cc927546e37b6f108f8163899980bdd06df1"},
    {file = "gevent-1.5a3-cp27-cp27m-win_amd64.whl", hash = "sha256:c1e2e2d93caba4ac25ecc3854972339a2e9e90420e501a925088c7c00f3f5c74"},
    {file = "gevent-1.5a3-cp27-cp27mu-manylinux2010_x86_64.whl", hash = "sha256:5e378d44119d4be809778fc2b1afbba398ad10334c2eb21e22cd9ebc0ff3f04f"},
    {file = "gevent-1.5a3-cp35-cp35m-macosx_10_6_intel.whl", hash = "sha256:a3277ffa696806cebc23fc766af290947ed4732360ae7509444031b609a81adc"},
    {file = "gevent-1.5a3-cp35-cp35m-manylinux2010_x86_64.whl", hash = "sha256:c80ace305a431bc8104f410fb2c08cd9800da8374ba56c645de423bef402dcb5"},
    {file = "gevent-1.5a3-cp35-cp35m-win32.whl", hash = "sha256:28eb810a0468df26bc7e689b7b19cec12667760432d66905f0fc69c8f6be8765"},
    {file = "gevent-1.5a3-cp35-cp35m-win_amd64.whl", hash = "sha256:30e5c84197bdb5d93d51444705840a9c002719c712c71c98e4bebdf5ea456f44"},
    {file = "gevent-1.5a3-cp36-cp36m-macosx_10_6_intel.whl", hash = "sha256:74b919944d9107f7652a4de24ab5f2805bc3df00800aab2e85cd6259aee47047"},
    {file = "gevent-1.5a3-cp36-cp36m-manylinux2010_x86_64.whl", hash = "sha256:529aa1a78aadc2fb867743a1a593cba77dd238d9b81b7c4eb9f780e77cfeff43"},
    {file = "gevent-1.5a3-cp36-cp36m-win32.whl", hash = "sha256:992209cb54c743dd3f90acecf77dbc269f96d7741fd4b2189d759a4ea9e20551"},
    {file = "gevent-1.5a3-cp36-cp36m-win_amd64.whl", hash = "sha256:84d0d8d2c598486ffb25f072a5d01d9ee92ddfed148abf66e374fbe3d1c3abd7"},
    {file = "gevent-1.5a3-cp37-cp37m-macosx_10_9_x86_64.whl", hash = "sha256:95caa6c5a8ba6e37b4e031588ea648b3fb5e3b044ce03f98c04c538c26132b9d"},
    {file = "gevent-1.5a3-cp37-cp37m-manylinux2010_x86_64.whl", hash = "sha256:63cca7ecf4b52f7e7e066d3a539d78fa99392e3fa40a5a1cbaf4ff92f9046c4d"},
    {file = "gevent-1.5a3-cp37-cp37m-win32.whl", hash = "sha256:b31d43c0a317d95594c915fae26f799b46dfccdc28b398e1d31839644a818bd1"},
    {file = "gevent-1.5a3-cp37-cp37m-win_amd64.whl", hash = "sha256:715559a3266004f48ee57e39b4d55d4734cdc385dd477411289d32b8df106487"},
    {file = "gevent-1.5a3-cp38-cp38-macosx_10_9_x86_64.whl", hash = "sha256:9af24d0da67dd40c81205d05b1024f6e1c4edfebc462b590ac8970152ab5b8c8"},
    {file = "gevent-1.5a3-cp38-cp38-manylinux2010_x86_64.whl", hash = "sha256:6dbbe7049119c8723b2008c469e08bd36f9dfc74ed912095d875c68e31ad86a1"},
    {file = "gevent-1.5a3-cp38-cp38-win32.whl", hash = "sha256:6def5781f7f1a9213054af005d54a398f5c3b9d18a4a5239e463dff576750bcc"},
    {file = "gevent-1.5a3-cp38-cp38-win_amd64.whl", hash = "sha256:2fa53ef8963014549ca95c2fcee546ad14222196bf0f0122f6d68b6e422fe636"},
    {file = "gevent-1.5a3-pp272-pypy_41-macosx_10_14_x86_64.whl", hash = "sha256:43013ded09cc973cde3042180ab7ba3b3dfe978dcb0eaac253b77171541d4368"},
    {file = "gevent-1.5a3-pp272-pypy_41-win32.whl", hash = "sha256:1ca56f900ba200ba39ec41cb30eadbb1a4842414323e21139e0ef757376c332e"},
    {file = "gevent-1.5a3.zip", hash = "sha256:a3636022dfaaf8be85e80378fbde8596c4121dd4d1362bb4729626022be91d38"},
]
geventhttpclient-wheels = [
    {file = "geventhttpclient-wheels-1.3.1.dev2.tar.gz", hash = "sha256:bd1f984ab5a52e3d6f5d54fd407a41e889dd4499f5991d234ebdc1f8907e2fb3"},
    {file = "geventhttpclient_wheels-1.3.1.dev2-cp27-cp27m-macosx_10_6_intel.whl", hash = "sha256:e158ea62cca96f8efbb24f40e8ef8a2cd625f1c42b0fb2c93df90f14a6ddf3d1"},
    {file = "geventhttpclient_wheels-1.3.1.dev2-cp27-cp27m-manylinux1_i686.whl", hash = "sha256:4a883168a7f21ec0e71f6eed290dc3a87079f00da49f0b929a5b86fe5d57e4f7"},
    {file = "geventhttpclient_wheels-1.3.1.dev2-cp27-cp27m-manylinux1_x86_64.whl", hash = "sha256:a8651ef9fb8a3f2b169320bab59c11518aa51d778fb19fbf3faea4ef0485f61b"},
    {file = "geventhttpclient_wheels-1.3.1.dev2-cp27-cp27m-win32.whl", hash = "sha256:804a901598ad046ee6925c11f987c5e81f1010599027d4bb67f4732800aae3c8"},
    {file = "geventhttpclient_wheels-1.3.1.dev2-cp27-cp27m-win_amd64.whl", hash = "sha256:996c5c7de11a9ef1c99ce649d700cd57a44c1d02a9e305e6743d09abfc21681f"},
    {file = "geventhttpclient_wheels-1.3.1.dev2-cp27-cp27mu-manylinux1_i686.whl", hash = "sha256:3893dd20d123920ac91bc3cf31c74651f666c05a786e47fac8379228bf175b7e"},
    {file = "geventhttpclient_wheels-1.3.1.dev2-cp27-cp27mu-manylinux1_x86_64.whl", hash = "sha256:bf803c2fc7138b97a033e8d0fea8cae64783c5c4b9ca41b5101002c622b52cbd"},
    {file = "geventhttpclient_wheels-1.3.1.dev2-cp34-cp34m-macosx_10_6_intel.whl", hash = "sha256:39e3f60b8919bb241eb0377ab485df985684783742377dd225a88d8e7e41d955"},
    {file = "geventhttpclient_wheels-1.3.1.dev2-cp34-cp34m-manylinux1_i686.whl", hash = "sha256:1f835affa65fb0c38b111ff3529e2c7382d1154e5dc99008951f2342e24ec21d"},
    {file = "geventhttpclient_wheels-1.3.1.dev2-cp34-cp34m-manylinux1_x86_64.whl", hash = "sha256:3331dbeebb2531611ffd461b670d527cc1bbb98eff6ff95179a10635d914710c"},
    {file = "geventhttpclient_wheels-1.3.1.dev2-cp34-cp34m-win32.whl", hash = "sha256:4197d34725aa57b3b7ad48d568dec7d5e7536e2fce4179e4c6f31c8ed091fac5"},
    {file = "geventhttpclient_wheels-1.3.1.dev2-cp34-cp34m-win_amd64.whl", hash = "sha256:87769bd8c5f475ab1f23ef09705a53d6c86e8e45489edb0564b99b266a59cd73"},
    {file = "geventhttpclient_wheels-1.3.1.dev2-cp35-cp35m-macosx_10_6_intel.whl", hash = "sha256:413591068784eb3d2c2c7af1a57bd4d6bf26fb8225a865ae4210b46d8f487c79"},
    {file = "geventhttpclient_wheels-1.3.1.dev2-cp35-cp35m-manylinux1_i686.whl", hash = "sha256:fb229d67618d0dd90b5bf3c75c418804bf4cbabadd79159b6dc9b8ab6e0991c2"},
    {file = "geventhttpclient_wheels-1.3.1.dev2-cp35-cp35m-manylinux1_x86_64.whl", hash = "sha256:584b993b03f7dec1545452cb0fcf9640d871af97ab1881139c991e018da97c37"},
    {file = "geventhttpclient_wheels-1.3.1.dev2-cp35-cp35m-win32.whl", hash = "sha256:c30da2ced7ca0dc5354bcecc42d5d5e8b6f8a0351186d9bf883ceead58913247"},
    {file = "geventhttpclient_wheels-1.3.1.dev2-cp35-cp35m-win_amd64.whl", hash = "sha256:9ab6bf060bc6cdd7baa61bf7cc044cc6c14eae8675dc3052d0c2c6d7742b5bd3"},
    {file = "geventhttpclient_wheels-1.3.1.dev2-cp36-cp36m-macosx_10_6_intel.whl", hash = "sha256:e493bd3eaa41bc4dd255bc390a01c92fc00a2961a9c18b550c58dbdde8dd35e4"},
    {file = "geventhttpclient_wheels-1.3.1.dev2-cp36-cp36m-manylinux1_i686.whl", hash = "sha256:ae2999e1605050d81eb8b340eb63ce0f9721a7c6ce1455c47aad1440df7bd4a2"},
    {file = "geventhttpclient_wheels-1.3.1.dev2-cp36-cp36m-manylinux1_x86_64.whl", hash = "sha256:81e3752ea98bb673d49827727869ac637d5297928b4bc0ee41db1e1ac9ba909e"},
    {file = "geventhttpclient_wheels-1.3.1.dev2-cp36-cp36m-win32.whl", hash = "sha256:618e4a67eb1e74196dbff0c27781ff6285e5bd16c3df230e05aae6b95a689b17"},
    {file = "geventhttpclient_wheels-1.3.1.dev2-cp36-cp36m-win_amd64.whl", hash = "sha256:7c78f21b9d5b4f80c17374087a16ec79d37a2918ec532553804c104ce462ccb0"},
    {file = "geventhttpclient_wheels-1.3.1.dev2-cp37-cp37m-macosx_10_6_intel.whl", hash = "sha256:a779f2b8e372e7af4dae8cea70875ec40b200a38e0a53e15721b273e8b45e01b"},
    {file = "geventhttpclient_wheels-1.3.1.dev2-cp37-cp37m-manylinux1_i686.whl", hash = "sha256:86c261e5ef3414d76945e00df2abaa0ae4a3c3a073cb90c5712f5c8f8fd52586"},
    {file = "geventhttpclient_wheels-1.3.1.dev2-cp37-cp37m-manylinux1_x86_64.whl", hash = "sha256:73a0815a97fd3dd4d0b5676012aa3e7273970174114405c3ae2f4373a1847549"},
    {file = "geventhttpclient_wheels-1.3.1.dev2-cp37-cp37m-win32.whl", hash = "sha256:bf069512623970283bfb1c6bc3148b470116f7978bc7e57a3c7aea1f42113ca0"},
    {file = "geventhttpclient_wheels-1.3.1.dev2-cp37-cp37m-win_amd64.whl", hash = "sha256:205fd8fa5c658bd9fc2974b6c7a250dba7a313e054fbc5c8138d8418b0922c7d"},
]
greenlet = [
    {file = "greenlet-0.4.15-cp27-cp27m-manylinux1_x86_64.whl", hash = "sha256:99a26afdb82ea83a265137a398f570402aa1f2b5dfb4ac3300c026931817b163"},
    {file = "greenlet-0.4.15-cp27-cp27m-win32.whl", hash = "sha256:beeabe25c3b704f7d56b573f7d2ff88fc99f0138e43480cecdfcaa3b87fe4f87"},
    {file = "greenlet-0.4.15-cp27-cp27m-win_amd64.whl", hash = "sha256:9854f612e1b59ec66804931df5add3b2d5ef0067748ea29dc60f0efdcda9a638"},
    {file = "greenlet-0.4.15-cp27-cp27mu-manylinux1_x86_64.whl", hash = "sha256:ac57fcdcfb0b73bb3203b58a14501abb7e5ff9ea5e2edfa06bb03035f0cff248"},
    {file = "greenlet-0.4.15-cp33-cp33m-win32.whl", hash = "sha256:d634a7ea1fc3380ff96f9e44d8d22f38418c1c381d5fac680b272d7d90883720"},
    {file = "greenlet-0.4.15-cp33-cp33m-win_amd64.whl", hash = "sha256:0d48200bc50cbf498716712129eef819b1729339e34c3ae71656964dac907c28"},
    {file = "greenlet-0.4.15-cp34-cp34m-manylinux1_x86_64.whl", hash = "sha256:bcb530089ff24f6458a81ac3fa699e8c00194208a724b644ecc68422e1111939"},
    {file = "greenlet-0.4.15-cp34-cp34m-win32.whl", hash = "sha256:8b4572c334593d449113f9dc8d19b93b7b271bdbe90ba7509eb178923327b625"},
    {file = "greenlet-0.4.15-cp34-cp34m-win_amd64.whl", hash = "sha256:a9f145660588187ff835c55a7d2ddf6abfc570c2651c276d3d4be8a2766db490"},
    {file = "greenlet-0.4.15-cp35-cp35m-manylinux1_x86_64.whl", hash = "sha256:51503524dd6f152ab4ad1fbd168fc6c30b5795e8c70be4410a64940b3abb55c0"},
    {file = "greenlet-0.4.15-cp35-cp35m-win32.whl", hash = "sha256:a19bf883b3384957e4a4a13e6bd1ae3d85ae87f4beb5957e35b0be287f12f4e4"},
    {file = "greenlet-0.4.15-cp35-cp35m-win_amd64.whl", hash = "sha256:853da4f9563d982e4121fed8c92eea1a4594a2299037b3034c3c898cb8e933d6"},
    {file = "greenlet-0.4.15-cp36-cp36m-manylinux1_x86_64.whl", hash = "sha256:23d12eacffa9d0f290c0fe0c4e81ba6d5f3a5b7ac3c30a5eaf0126bf4deda5c8"},
    {file = "greenlet-0.4.15-cp36-cp36m-win32.whl", hash = "sha256:000546ad01e6389e98626c1367be58efa613fa82a1be98b0c6fc24b563acc6d0"},
    {file = "greenlet-0.4.15-cp36-cp36m-win_amd64.whl", hash = "sha256:d97b0661e1aead761f0ded3b769044bb00ed5d33e1ec865e891a8b128bf7c656"},
    {file = "greenlet-0.4.15-cp37-cp37m-manylinux1_x86_64.whl", hash = "sha256:8041e2de00e745c0e05a502d6e6db310db7faa7c979b3a5877123548a4c0b214"},
    {file = "greenlet-0.4.15-cp37-cp37m-win32.whl", hash = "sha256:81fcd96a275209ef117e9ec91f75c731fa18dcfd9ffaa1c0adbdaa3616a86043"},
    {file = "greenlet-0.4.15-cp37-cp37m-win_amd64.whl", hash = "sha256:37c9ba82bd82eb6a23c2e5acc03055c0e45697253b2393c9a50cef76a3985304"},
    {file = "greenlet-0.4.15-cp38-cp38-manylinux1_x86_64.whl", hash = "sha256:e538b8dae561080b542b0f5af64d47ef859f22517f7eca617bb314e0e03fd7ef"},
    {file = "greenlet-0.4.15-cp38-cp38-win32.whl", hash = "sha256:51155342eb4d6058a0ffcd98a798fe6ba21195517da97e15fca3db12ab201e6e"},
    {file = "greenlet-0.4.15-cp38-cp38-win_amd64.whl", hash = "sha256:7457d685158522df483196b16ec648b28f8e847861adb01a55d41134e7734122"},
    {file = "greenlet-0.4.15.tar.gz", hash = "sha256:9416443e219356e3c31f1f918a91badf2e37acf297e2fa13d24d1cc2380f8fbc"},
]
idna = [
    {file = "idna-2.9-py2.py3-none-any.whl", hash = "sha256:a068a21ceac8a4d63dbfd964670474107f541babbd2250d61922f029858365fa"},
    {file = "idna-2.9.tar.gz", hash = "sha256:7588d1c14ae4c77d74036e8c22ff447b26d0fde8f007354fd48a7814db15b7cb"},
]
itsdangerous = [
    {file = "itsdangerous-1.1.0-py2.py3-none-any.whl", hash = "sha256:b12271b2047cb23eeb98c8b5622e2e5c5e9abd9784a153e9d8ef9cb4dd09d749"},
    {file = "itsdangerous-1.1.0.tar.gz", hash = "sha256:321b033d07f2a4136d3ec762eac9f16a10ccd60f53c0c91af90217ace7ba1f19"},
]
jinja2 = [
    {file = "Jinja2-2.11.2-py2.py3-none-any.whl", hash = "sha256:f0a4641d3cf955324a89c04f3d94663aa4d638abe8f733ecd3582848e1c37035"},
    {file = "Jinja2-2.11.2.tar.gz", hash = "sha256:89aab215427ef59c34ad58735269eb58b1a5808103067f7bb9d5836c651b3bb0"},
]
locustio = [
    {file = "locustio-0.14.5-py3-none-any.whl", hash = "sha256:01dac92bf353056c7ec69a0f51c8425a0290ad7ae523cd97a55897b6e88b6749"},
    {file = "locustio-0.14.5.tar.gz", hash = "sha256:8ec934226e41ccfdf8d5609050cafcb6449ead09e8697104bfa86739a38dd036"},
]
markupsafe = [
    {file = "MarkupSafe-1.1.1-cp27-cp27m-macosx_10_6_intel.whl", hash = "sha256:09027a7803a62ca78792ad89403b1b7a73a01c8cb65909cd876f7fcebd79b161"},
    {file = "MarkupSafe-1.1.1-cp27-cp27m-manylinux1_i686.whl", hash = "sha256:e249096428b3ae81b08327a63a485ad0878de3fb939049038579ac0ef61e17e7"},
    {file = "MarkupSafe-1.1.1-cp27-cp27m-manylinux1_x86_64.whl", hash = "sha256:500d4957e52ddc3351cabf489e79c91c17f6e0899158447047588650b5e69183"},
    {file = "MarkupSafe-1.1.1-cp27-cp27m-win32.whl", hash = "sha256:b2051432115498d3562c084a49bba65d97cf251f5a331c64a12ee7e04dacc51b"},
    {file = "MarkupSafe-1.1.1-cp27-cp27m-win_amd64.whl", hash = "sha256:98c7086708b163d425c67c7a91bad6e466bb99d797aa64f965e9d25c12111a5e"},
    {file = "MarkupSafe-1.1.1-cp27-cp27mu-manylinux1_i686.whl", hash = "sha256:cd5df75523866410809ca100dc9681e301e3c27567cf498077e8551b6d20e42f"},
    {file = "MarkupSafe-1.1.1-cp27-cp27mu-manylinux1_x86_64.whl", hash = "sha256:43a55c2930bbc139570ac2452adf3d70cdbb3cfe5912c71cdce1c2c6bbd9c5d1"},
    {file = "MarkupSafe-1.1.1-cp34-cp34m-macosx_10_6_intel.whl", hash = "sha256:1027c282dad077d0bae18be6794e6b6b8c91d58ed8a8d89a89d59693b9131db5"},
    {file = "MarkupSafe-1.1.1-cp34-cp34m-manylinux1_i686.whl", hash = "sha256:62fe6c95e3ec8a7fad637b7f3d372c15ec1caa01ab47926cfdf7a75b40e0eac1"},
    {file = "MarkupSafe-1.1.1-cp34-cp34m-manylinux1_x86_64.whl", hash = "sha256:88e5fcfb52ee7b911e8bb6d6aa2fd21fbecc674eadd44118a9cc3863f938e735"},
    {file = "MarkupSafe-1.1.1-cp34-cp34m-win32.whl", hash = "sha256:ade5e387d2ad0d7ebf59146cc00c8044acbd863725f887353a10df825fc8ae21"},
    {file = "MarkupSafe-1.1.1-cp34-cp34m-win_amd64.whl", hash = "sha256:09c4b7f37d6c648cb13f9230d847adf22f8171b1ccc4d5682398e77f40309235"},
    {file = "MarkupSafe-1.1.1-cp35-cp35m-macosx_10_6_intel.whl", hash = "sha256:79855e1c5b8da654cf486b830bd42c06e8780cea587384cf6545b7d9ac013a0b"},
    {file = "MarkupSafe-1.1.1-cp35-cp35m-manylinux1_i686.whl", hash = "sha256:c8716a48d94b06bb3b2524c2b77e055fb313aeb4ea620c8dd03a105574ba704f"},
    {file = "MarkupSafe-1.1.1-cp35-cp35m-manylinux1_x86_64.whl", hash = "sha256:7c1699dfe0cf8ff607dbdcc1e9b9af1755371f92a68f706051cc8c37d447c905"},
    {file = "MarkupSafe-1.1.1-cp35-cp35m-win32.whl", hash = "sha256:6dd73240d2af64df90aa7c4e7481e23825ea70af4b4922f8ede5b9e35f78a3b1"},
    {file = "MarkupSafe-1.1.1-cp35-cp35m-win_amd64.whl", hash = "sha256:9add70b36c5666a2ed02b43b335fe19002ee5235efd4b8a89bfcf9005bebac0d"},
    {file = "MarkupSafe-1.1.1-cp36-cp36m-macosx_10_6_intel.whl", hash = "sha256:24982cc2533820871eba85ba648cd53d8623687ff11cbb805be4ff7b4c971aff"},
    {file = "MarkupSafe-1.1.1-cp36-cp36m-manylinux1_i686.whl", hash = "sha256:00bc623926325b26bb9605ae9eae8a215691f33cae5df11ca5424f06f2d1f473"},
    {file = "MarkupSafe-1.1.1-cp36-cp36m-manylinux1_x86_64.whl", hash = "sha256:717ba8fe3ae9cc0006d7c451f0bb265ee07739daf76355d06366154ee68d221e"},
    {file = "MarkupSafe-1.1.1-cp36-cp36m-win32.whl", hash = "sha256:535f6fc4d397c1563d08b88e485c3496cf5784e927af890fb3c3aac7f933ec66"},
    {file = "MarkupSafe-1.1.1-cp36-cp36m-win_amd64.whl", hash = "sha256:b1282f8c00509d99fef04d8ba936b156d419be841854fe901d8ae224c59f0be5"},
    {file = "MarkupSafe-1.1.1-cp37-cp37m-macosx_10_6_intel.whl", hash = "sha256:8defac2f2ccd6805ebf65f5eeb132adcf2ab57aa11fdf4c0dd5169a004710e7d"},
    {file = "MarkupSafe-1.1.1-cp37-cp37m-manylinux1_i686.whl", hash = "sha256:46c99d2de99945ec5cb54f23c8cd5689f6d7177305ebff350a58ce5f8de1669e"},
    {file = "MarkupSafe-1.1.1-cp37-cp37m-manylinux1_x86_64.whl", hash = "sha256:ba59edeaa2fc6114428f1637ffff42da1e311e29382d81b339c1817d37ec93c6"},
    {file = "MarkupSafe-1.1.1-cp37-cp37m-win32.whl", hash = "sha256:b00c1de48212e4cc9603895652c5c410df699856a2853135b3967591e4beebc2"},
    {file = "MarkupSafe-1.1.1-cp37-cp37m-win_amd64.whl", hash = "sha256:9bf40443012702a1d2070043cb6291650a0841ece432556f784f004937f0f32c"},
    {file = "MarkupSafe-1.1.1-cp38-cp38-macosx_10_9_x86_64.whl", hash = "sha256:6788b695d50a51edb699cb55e35487e430fa21f1ed838122d722e0ff0ac5ba15"},
    {file = "MarkupSafe-1.1.1-cp38-cp38-manylinux1_i686.whl", hash = "sha256:cdb132fc825c38e1aeec2c8aa9338310d29d337bebbd7baa06889d09a60a1fa2"},
    {file = "MarkupSafe-1.1.1-cp38-cp38-manylinux1_x86_64.whl", hash = "sha256:13d3144e1e340870b25e7b10b98d779608c02016d5184cfb9927a9f10c689f42"},
    {file = "MarkupSafe-1.1.1-cp38-cp38-win32.whl", hash = "sha256:596510de112c685489095da617b5bcbbac7dd6384aeebeda4df6025d0256a81b"},
    {file = "MarkupSafe-1.1.1-cp38-cp38-win_amd64.whl", hash = "sha256:e8313f01ba26fbbe36c7be1966a7b7424942f670f38e666995b88d012765b9be"},
    {file = "MarkupSafe-1.1.1.tar.gz", hash = "sha256:29872e92839765e546828bb7754a68c418d927cd064fd4708fab9fe9c8bb116b"},
]
msgpack = [
    {file = "msgpack-1.0.0-cp35-cp35m-manylinux1_i686.whl", hash = "sha256:cec8bf10981ed70998d98431cd814db0ecf3384e6b113366e7f36af71a0fca08"},
    {file = "msgpack-1.0.0-cp35-cp35m-manylinux1_x86_64.whl", hash = "sha256:aa5c057eab4f40ec47ea6f5a9825846be2ff6bf34102c560bad5cad5a677c5be"},
    {file = "msgpack-1.0.0-cp36-cp36m-macosx_10_13_x86_64.whl", hash = "sha256:4233b7f86c1208190c78a525cd3828ca1623359ef48f78a6fea4b91bb995775a"},
    {file = "msgpack-1.0.0-cp36-cp36m-manylinux1_i686.whl", hash = "sha256:b3758dfd3423e358bbb18a7cccd1c74228dffa7a697e5be6cb9535de625c0dbf"},
    {file = "msgpack-1.0.0-cp36-cp36m-manylinux1_x86_64.whl", hash = "sha256:25b3bc3190f3d9d965b818123b7752c5dfb953f0d774b454fd206c18fe384fb8"},
    {file = "msgpack-1.0.0-cp36-cp36m-win32.whl", hash = "sha256:e7bbdd8e2b277b77782f3ce34734b0dfde6cbe94ddb74de8d733d603c7f9e2b1"},
    {file = "msgpack-1.0.0-cp36-cp36m-win_amd64.whl", hash = "sha256:5dba6d074fac9b24f29aaf1d2d032306c27f04187651511257e7831733293ec2"},
    {file = "msgpack-1.0.0-cp37-cp37m-macosx_10_13_x86_64.whl", hash = "sha256:908944e3f038bca67fcfedb7845c4a257c7749bf9818632586b53bcf06ba4b97"},
    {file = "msgpack-1.0.0-cp37-cp37m-manylinux1_i686.whl", hash = "sha256:db685187a415f51d6b937257474ca72199f393dad89534ebbdd7d7a3b000080e"},
    {file = "msgpack-1.0.0-cp37-cp37m-manylinux1_x86_64.whl", hash = "sha256:ea41c9219c597f1d2bf6b374d951d310d58684b5de9dc4bd2976db9e1e22c140"},
    {file = "msgpack-1.0.0-cp37-cp37m-win32.whl", hash = "sha256:e35b051077fc2f3ce12e7c6a34cf309680c63a842db3a0616ea6ed25ad20d272"},
    {file = "msgpack-1.0.0-cp37-cp37m-win_amd64.whl", hash = "sha256:5bea44181fc8e18eed1d0cd76e355073f00ce232ff9653a0ae88cb7d9e643322"},
    {file = "msgpack-1.0.0-cp38-cp38-macosx_10_13_x86_64.whl", hash = "sha256:c901e8058dd6653307906c5f157f26ed09eb94a850dddd989621098d347926ab"},
    {file = "msgpack-1.0.0-cp38-cp38-manylinux1_i686.whl", hash = "sha256:271b489499a43af001a2e42f42d876bb98ccaa7e20512ff37ca78c8e12e68f84"},
    {file = "msgpack-1.0.0-cp38-cp38-manylinux1_x86_64.whl", hash = "sha256:7a22c965588baeb07242cb561b63f309db27a07382825fc98aecaf0827c1538e"},
    {file = "msgpack-1.0.0-cp38-cp38-win32.whl", hash = "sha256:002a0d813e1f7b60da599bdf969e632074f9eec1b96cbed8fb0973a63160a408"},
    {file = "msgpack-1.0.0-cp38-cp38-win_amd64.whl", hash = "sha256:39c54fdebf5fa4dda733369012c59e7d085ebdfe35b6cf648f09d16708f1be5d"},
    {file = "msgpack-1.0.0.tar.gz", hash = "sha256:9534d5cc480d4aff720233411a1f765be90885750b07df772380b34c10ecb5c0"},
]
protobuf = [
    {file = "protobuf-3.11.3-cp27-cp27m-macosx_10_9_x86_64.whl", hash = "sha256:ef2c2e56aaf9ee914d3dccc3408d42661aaf7d9bb78eaa8f17b2e6282f214481"},
    {file = "protobuf-3.11.3-cp27-cp27mu-manylinux1_x86_64.whl", hash = "sha256:dd9aa4401c36785ea1b6fff0552c674bdd1b641319cb07ed1fe2392388e9b0d7"},
    {file = "protobuf-3.11.3-cp35-cp35m-macosx_10_9_intel.whl", hash = "sha256:310a7aca6e7f257510d0c750364774034272538d51796ca31d42c3925d12a52a"},
    {file = "protobuf-3.11.3-cp35-cp35m-manylinux1_x86_64.whl", hash = "sha256:e512b7f3a4dd780f59f1bf22c302740e27b10b5c97e858a6061772668cd6f961"},
    {file = "protobuf-3.11.3-cp35-cp35m-win32.whl", hash = "sha256:fdfb6ad138dbbf92b5dbea3576d7c8ba7463173f7d2cb0ca1bd336ec88ddbd80"},
    {file = "protobuf-3.11.3-cp35-cp35m-win_amd64.whl", hash = "sha256:e2f8a75261c26b2f5f3442b0525d50fd79a71aeca04b5ec270fc123536188306"},
    {file = "protobuf-3.11.3-cp36-cp36m-macosx_10_9_x86_64.whl", hash = "sha256:c40973a0aee65422d8cb4e7d7cbded95dfeee0199caab54d5ab25b63bce8135a"},
    {file = "protobuf-3.11.3-cp36-cp36m-manylinux1_x86_64.whl", hash = "sha256:adf0e4d57b33881d0c63bb11e7f9038f98ee0c3e334c221f0858f826e8fb0151"},
    {file = "protobuf-3.11.3-cp36-cp36m-win32.whl", hash = "sha256:0bae429443cc4748be2aadfdaf9633297cfaeb24a9a02d0ab15849175ce90fab"},
    {file = "protobuf-3.11.3-cp36-cp36m-win_amd64.whl", hash = "sha256:e11df1ac6905e81b815ab6fd518e79be0a58b5dc427a2cf7208980f30694b956"},
    {file = "protobuf-3.11.3-cp37-cp37m-macosx_10_9_x86_64.whl", hash = "sha256:7774bbbaac81d3ba86de646c39f154afc8156717972bf0450c9dbfa1dc8dbea2"},
    {file = "protobuf-3.11.3-cp37-cp37m-manylinux1_x86_64.whl", hash = "sha256:8eb9c93798b904f141d9de36a0ba9f9b73cc382869e67c9e642c0aba53b0fc07"},
    {file = "protobuf-3.11.3-cp37-cp37m-win32.whl", hash = "sha256:fac513a9dc2a74b99abd2e17109b53945e364649ca03d9f7a0b96aa8d1807d0a"},
    {file = "protobuf-3.11.3-cp37-cp37m-win_amd64.whl", hash = "sha256:82d7ac987715d8d1eb4068bf997f3053468e0ce0287e2729c30601feb6602fee"},
    {file = "protobuf-3.11.3-cp38-cp38-macosx_10_9_x86_64.whl", hash = "sha256:73152776dc75f335c476d11d52ec6f0f6925774802cd48d6189f4d5d7fe753f4"},
    {file = "protobuf-3.11.3-cp38-cp38-manylinux1_x86_64.whl", hash = "sha256:52e586072612c1eec18e1174f8e3bb19d08f075fc2e3f91d3b16c919078469d0"},
    {file = "protobuf-3.11.3-py2.7.egg", hash = "sha256:2affcaba328c4662f3bc3c0e9576ea107906b2c2b6422344cdad961734ff6b93"},
    {file = "protobuf-3.11.3-py2.py3-none-any.whl", hash = "sha256:24e3b6ad259544d717902777b33966a1a069208c885576254c112663e6a5bb0f"},
    {file = "protobuf-3.11.3.tar.gz", hash = "sha256:c77c974d1dadf246d789f6dad1c24426137c9091e930dbf50e0a29c1fcf00b1f"},
]
psutil = [
    {file = "psutil-5.7.0-cp27-none-win32.whl", hash = "sha256:298af2f14b635c3c7118fd9183843f4e73e681bb6f01e12284d4d70d48a60953"},
    {file = "psutil-5.7.0-cp27-none-win_amd64.whl", hash = "sha256:75e22717d4dbc7ca529ec5063000b2b294fc9a367f9c9ede1f65846c7955fd38"},
    {file = "psutil-5.7.0-cp35-cp35m-win32.whl", hash = "sha256:f344ca230dd8e8d5eee16827596f1c22ec0876127c28e800d7ae20ed44c4b310"},
    {file = "psutil-5.7.0-cp35-cp35m-win_amd64.whl", hash = "sha256:e2d0c5b07c6fe5a87fa27b7855017edb0d52ee73b71e6ee368fae268605cc3f5"},
    {file = "psutil-5.7.0-cp36-cp36m-win32.whl", hash = "sha256:a02f4ac50d4a23253b68233b07e7cdb567bd025b982d5cf0ee78296990c22d9e"},
    {file = "psutil-5.7.0-cp36-cp36m-win_amd64.whl", hash = "sha256:1413f4158eb50e110777c4f15d7c759521703bd6beb58926f1d562da40180058"},
    {file = "psutil-5.7.0-cp37-cp37m-win32.whl", hash = "sha256:d008ddc00c6906ec80040d26dc2d3e3962109e40ad07fd8a12d0284ce5e0e4f8"},
    {file = "psutil-5.7.0-cp37-cp37m-win_amd64.whl", hash = "sha256:73f35ab66c6c7a9ce82ba44b1e9b1050be2a80cd4dcc3352cc108656b115c74f"},
    {file = "psutil-5.7.0-cp38-cp38-win32.whl", hash = "sha256:60b86f327c198561f101a92be1995f9ae0399736b6eced8f24af41ec64fb88d4"},
    {file = "psutil-5.7.0-cp38-cp38-win_amd64.whl", hash = "sha256:d84029b190c8a66a946e28b4d3934d2ca1528ec94764b180f7d6ea57b0e75e26"},
    {file = "psutil-5.7.0.tar.gz", hash = "sha256:685ec16ca14d079455892f25bd124df26ff9137664af445563c1bd36629b5e0e"},
]
pycparser = [
    {file = "pycparser-2.20-py2.py3-none-any.whl", hash = "sha256:7582ad22678f0fcd81102833f60ef8d0e57288b6b5fb00323d101be910e35705"},
    {file = "pycparser-2.20.tar.gz", hash = "sha256:2d475327684562c3a96cc71adf7dc8c4f0565175cf86b6d7a404ff4c771f15f0"},
]
pydantic = [
    {file = "pydantic-1.4-cp36-cp36m-manylinux1_i686.whl", hash = "sha256:07911aab70f3bc52bb845ce1748569c5e70478ac977e106a150dd9d0465ebf04"},
    {file = "pydantic-1.4-cp36-cp36m-manylinux1_x86_64.whl", hash = "sha256:012c422859bac2e03ab3151ea6624fecf0e249486be7eb8c6ee69c91740c6752"},
    {file = "pydantic-1.4-cp36-cp36m-manylinux2010_i686.whl", hash = "sha256:61d22d36808087d3184ed6ac0d91dd71c533b66addb02e4a9930e1e30833202f"},
    {file = "pydantic-1.4-cp36-cp36m-manylinux2010_x86_64.whl", hash = "sha256:f863456d3d4bf817f2e5248553dee3974c5dc796f48e6ddb599383570f4215ac"},
    {file = "pydantic-1.4-cp37-cp37m-manylinux1_i686.whl", hash = "sha256:bbbed364376f4a0aebb9ea452ff7968b306499a9e74f4db69b28ff2cd4043a11"},
    {file = "pydantic-1.4-cp37-cp37m-manylinux1_x86_64.whl", hash = "sha256:e27559cedbd7f59d2375bfd6eea29a330ea1a5b0589c34d6b4e0d7bec6027bbf"},
    {file = "pydantic-1.4-cp37-cp37m-manylinux2010_i686.whl", hash = "sha256:50e4e948892a6815649ad5a9a9379ad1e5f090f17842ac206535dfaed75c6f2f"},
    {file = "pydantic-1.4-cp37-cp37m-manylinux2010_x86_64.whl", hash = "sha256:8848b4eb458469739126e4c1a202d723dd092e087f8dbe3104371335f87ba5df"},
    {file = "pydantic-1.4-cp38-cp38-manylinux1_i686.whl", hash = "sha256:831a0265a9e3933b3d0f04d1a81bba543bafbe4119c183ff2771871db70524ab"},
    {file = "pydantic-1.4-cp38-cp38-manylinux1_x86_64.whl", hash = "sha256:47b8db7024ba3d46c3d4768535e1cf87b6c8cf92ccd81e76f4e1cb8ee47688b3"},
    {file = "pydantic-1.4-cp38-cp38-manylinux2010_i686.whl", hash = "sha256:51f11c8bbf794a68086540da099aae4a9107447c7a9d63151edbb7d50110cf21"},
    {file = "pydantic-1.4-cp38-cp38-manylinux2010_x86_64.whl", hash = "sha256:6100d7862371115c40be55cc4b8d766a74b1d0dbaf99dbfe72bb4bac0faf89ed"},
    {file = "pydantic-1.4-py36.py37.py38-none-any.whl", hash = "sha256:72184c1421103cca128300120f8f1185fb42a9ea73a1c9845b1c53db8c026a7d"},
    {file = "pydantic-1.4.tar.gz", hash = "sha256:f17ec336e64d4583311249fb179528e9a2c27c8a2eaf590ec6ec2c6dece7cb3f"},
]
pyzmq = [
    {file = "pyzmq-19.0.0-cp27-cp27m-macosx_10_9_intel.whl", hash = "sha256:3f12ce1e9cc9c31497bd82b207e8e86ccda9eebd8c9f95053aae46d15ccd2196"},
    {file = "pyzmq-19.0.0-cp27-cp27m-win32.whl", hash = "sha256:e8e4efb52ec2df8d046395ca4c84ae0056cf507b2f713ec803c65a8102d010de"},
    {file = "pyzmq-19.0.0-cp27-cp27m-win_amd64.whl", hash = "sha256:f5b6d015587a1d6f582ba03b226a9ddb1dfb09878b3be04ef48b01b7d4eb6b2a"},
    {file = "pyzmq-19.0.0-cp27-cp27mu-manylinux1_i686.whl", hash = "sha256:bb10361293d96aa92be6261fa4d15476bca56203b3a11c62c61bd14df0ef89ba"},
    {file = "pyzmq-19.0.0-cp27-cp27mu-manylinux1_x86_64.whl", hash = "sha256:4557d5e036e6d85715b4b9fdb482081398da1d43dc580d03db642b91605b409f"},
    {file = "pyzmq-19.0.0-cp35-cp35m-macosx_10_9_intel.whl", hash = "sha256:84b91153102c4bcf5d0f57d1a66a0f03c31e9e6525a5f656f52fc615a675c748"},
    {file = "pyzmq-19.0.0-cp35-cp35m-manylinux1_i686.whl", hash = "sha256:6aaaf90b420dc40d9a0e1996b82c6a0ff91d9680bebe2135e67c9e6d197c0a53"},
    {file = "pyzmq-19.0.0-cp35-cp35m-manylinux1_x86_64.whl", hash = "sha256:ad48865a29efa8a0cecf266432ea7bc34e319954e55cf104be0319c177e6c8f5"},
    {file = "pyzmq-19.0.0-cp35-cp35m-win32.whl", hash = "sha256:32234c21c5e0a767c754181c8112092b3ddd2e2a36c3f76fc231ced817aeee47"},
    {file = "pyzmq-19.0.0-cp35-cp35m-win_amd64.whl", hash = "sha256:f37c29da2a5b0c5e31e6f8aab885625ea76c807082f70b2d334d3fd573c3100a"},
    {file = "pyzmq-19.0.0-cp36-cp36m-macosx_10_9_intel.whl", hash = "sha256:1e076ad5bd3638a18c376544d32e0af986ca10d43d4ce5a5d889a8649f0d0a3d"},
    {file = "pyzmq-19.0.0-cp36-cp36m-manylinux1_i686.whl", hash = "sha256:f4d558bc5668d2345773a9ff8c39e2462dafcb1f6772a2e582fbced389ce527f"},
    {file = "pyzmq-19.0.0-cp36-cp36m-manylinux1_x86_64.whl", hash = "sha256:4f562dab21c03c7aa061f63b147a595dbe1006bf4f03213272fc9f7d5baec791"},
    {file = "pyzmq-19.0.0-cp36-cp36m-win32.whl", hash = "sha256:7f7e7b24b1d392bb5947ba91c981e7d1a43293113642e0d8870706c8e70cdc71"},
    {file = "pyzmq-19.0.0-cp36-cp36m-win_amd64.whl", hash = "sha256:75238d3c16cab96947705d5709187a49ebb844f54354cdf0814d195dd4c045de"},
    {file = "pyzmq-19.0.0-cp37-cp37m-macosx_10_9_x86_64.whl", hash = "sha256:cb3b7156ef6b1a119e68fbe3a54e0a0c40ecacc6b7838d57dd708c90b62a06dc"},
    {file = "pyzmq-19.0.0-cp37-cp37m-manylinux1_i686.whl", hash = "sha256:a99ae601b4f6917985e9bb071549e30b6f93c72f5060853e197bdc4b7d357e5f"},
    {file = "pyzmq-19.0.0-cp37-cp37m-manylinux1_x86_64.whl", hash = "sha256:242d949eb6b10197cda1d1cec377deab1d5324983d77e0d0bf9dc5eb6d71a6b4"},
    {file = "pyzmq-19.0.0-cp37-cp37m-win32.whl", hash = "sha256:a49fd42a29c1cc1aa9f461c5f2f5e0303adba7c945138b35ee7f4ab675b9f754"},
    {file = "pyzmq-19.0.0-cp37-cp37m-win_amd64.whl", hash = "sha256:5f10a31f288bf055be76c57710807a8f0efdb2b82be6c2a2b8f9a61f33a40cea"},
    {file = "pyzmq-19.0.0-cp38-cp38-macosx_10_9_x86_64.whl", hash = "sha256:26f4ae420977d2a8792d7c2d7bda43128b037b5eeb21c81951a94054ad8b8843"},
    {file = "pyzmq-19.0.0-cp38-cp38-manylinux1_i686.whl", hash = "sha256:944f6bb5c63140d76494467444fd92bebd8674236837480a3c75b01fe17df1ab"},
    {file = "pyzmq-19.0.0-cp38-cp38-manylinux1_x86_64.whl", hash = "sha256:b08e425cf93b4e018ab21dc8fdbc25d7d0502a23cc4fea2380010cf8cf11e462"},
    {file = "pyzmq-19.0.0-cp38-cp38-win32.whl", hash = "sha256:a1f957c20c9f51d43903881399b078cddcf710d34a2950e88bce4e494dcaa4d1"},
    {file = "pyzmq-19.0.0-cp38-cp38-win_amd64.whl", hash = "sha256:bd1a769d65257a7a12e2613070ca8155ee348aa9183f2aadf1c8b8552a5510f5"},
    {file = "pyzmq-19.0.0-pp27-pypy_73-macosx_10_9_x86_64.whl", hash = "sha256:0bbc1728fe4314b4ca46249c33873a390559edac7c217ec7001b5e0c34a8fb7f"},
    {file = "pyzmq-19.0.0-pp36-pypy36_pp73-macosx_10_15_x86_64.whl", hash = "sha256:5e071b834051e9ecb224915398f474bfad802c2fff883f118ff5363ca4ae3edf"},
    {file = "pyzmq-19.0.0.tar.gz", hash = "sha256:5e1f65e576ab07aed83f444e201d86deb01cd27dcf3f37c727bc8729246a60a8"},
]
requests = [
    {file = "requests-2.23.0-py2.py3-none-any.whl", hash = "sha256:43999036bfa82904b6af1d99e4882b560e5e2c68e5c4b0aa03b655f3d7d73fee"},
    {file = "requests-2.23.0.tar.gz", hash = "sha256:b3f43d496c6daba4493e7c431722aeb7dbc6288f52a6e04e7b6023b0247817e6"},
]
six = [
    {file = "six-1.14.0-py2.py3-none-any.whl", hash = "sha256:8f3cd2e254d8f793e7f3d6d9df77b92252b52637291d0f0da013c76ea2724b6c"},
    {file = "six-1.14.0.tar.gz", hash = "sha256:236bdbdce46e6e6a3d61a337c0f8b763ca1e8717c03b369e87a7ec7ce1319c0a"},
]
starlette = [
    {file = "starlette-0.13.2-py3-none-any.whl", hash = "sha256:6169ee78ded501095d1dda7b141a1dc9f9934d37ad23196e180150ace2c6449b"},
    {file = "starlette-0.13.2.tar.gz", hash = "sha256:a9bb130fa7aa736eda8a814b6ceb85ccf7a209ed53843d0d61e246b380afa10f"},
]
urllib3 = [
    {file = "urllib3-1.25.8-py2.py3-none-any.whl", hash = "sha256:2f3db8b19923a873b3e5256dc9c2dedfa883e33d87c690d9c7913e1f40673cdc"},
    {file = "urllib3-1.25.8.tar.gz", hash = "sha256:87716c2d2a7121198ebcb7ce7cccf6ce5e9ba539041cfbaeecfb641dc0bf6acc"},
]
werkzeug = [
    {file = "Werkzeug-1.0.1-py2.py3-none-any.whl", hash = "sha256:2de2a5db0baeae7b2d2664949077c2ac63fbd16d98da0ff71837f7d1dea3fd43"},
    {file = "Werkzeug-1.0.1.tar.gz", hash = "sha256:6c80b1e5ad3665290ea39320b91e1be1e0d5f60652b964a3070216de83d2e47c"},
]
